
Microsoft Visual Studio Solution File, Format Version 12.00
Project("{FAE04EC0-301F-11D3-BF4B-00C04F79EFBC}") = "Application", "Application\Application.csproj", "{0A0BBCC1-5873-43BD-8FDB-BA4F5E0DBBB0}"
EndProject
Project("{FAE04EC0-301F-11D3-BF4B-00C04F79EFBC}") = "Repository", "Repository\Repository.csproj", "{142B681B-3478-48E6-866B-E89C04842495}"
EndProject
Project("{FAE04EC0-301F-11D3-BF4B-00C04F79EFBC}") = "Service", "Service\Service.csproj", "{EFC88BE1-CE33-4885-BE08-D1935CA103C5}"
EndProject
Global
	GlobalSection(SolutionConfigurationPlatforms) = preSolution
		Debug|Any CPU = Debug|Any CPU
		Release|Any CPU = Release|Any CPU
	EndGlobalSection
	GlobalSection(ProjectConfigurationPlatforms) = postSolution
		{0A0BBCC1-5873-43BD-8FDB-BA4F5E0DBBB0}.Debug|Any CPU.ActiveCfg = Debug|Any CPU
		{0A0BBCC1-5873-43BD-8FDB-BA4F5E0DBBB0}.Debug|Any CPU.Build.0 = Debug|Any CPU
		{0A0BBCC1-5873-43BD-8FDB-BA4F5E0DBBB0}.Release|Any CPU.ActiveCfg = Release|Any CPU
		{0A0BBCC1-5873-43BD-8FDB-BA4F5E0DBBB0}.Release|Any CPU.Build.0 = Release|Any CPU
		{142B681B-3478-48E6-866B-E89C04842495}.Debug|Any CPU.ActiveCfg = Debug|Any CPU
		{142B681B-3478-48E6-866B-E89C04842495}.Debug|Any CPU.Build.0 = Debug|Any CPU
		{142B681B-3478-48E6-866B-E89C04842495}.Release|Any CPU.ActiveCfg = Release|Any CPU
		{142B681B-3478-48E6-866B-E89C04842495}.Release|Any CPU.Build.0 = Release|Any CPU
		{EFC88BE1-CE33-4885-BE08-D1935CA103C5}.Debug|Any CPU.ActiveCfg = Debug|Any CPU
		{EFC88BE1-CE33-4885-BE08-D1935CA103C5}.Debug|Any CPU.Build.0 = Debug|Any CPU
		{EFC88BE1-CE33-4885-BE08-D1935CA103C5}.Release|Any CPU.ActiveCfg = Release|Any CPU
		{EFC88BE1-CE33-4885-BE08-D1935CA103C5}.Release|Any CPU.Build.0 = Release|Any CPU
	EndGlobalSection
EndGlobal
